
Microsoft Visual Studio Solution File, Format Version 12.00
# Visual Studio Version 17
VisualStudioVersion = 17.10.35013.160
MinimumVisualStudioVersion = 10.0.40219.1
Project("{FAE04EC0-301F-11D3-BF4B-00C04F79EFBC}") = "CalendarChanger", "CalendarChanger.csproj", "{6A88A17D-D891-40DB-8B7D-311538DCF30E}"
EndProject
Global
	GlobalSection(SolutionConfigurationPlatforms) = preSolution
		Debug|Any CPU = Debug|Any CPU
		Release|Any CPU = Release|Any CPU
	EndGlobalSection
	GlobalSection(ProjectConfigurationPlatforms) = postSolution
		{6A88A17D-D891-40DB-8B7D-311538DCF30E}.Debug|Any CPU.ActiveCfg = Debug|Any CPU
		{6A88A17D-D891-40DB-8B7D-311538DCF30E}.Debug|Any CPU.Build.0 = Debug|Any CPU
		{6A88A17D-D891-40DB-8B7D-311538DCF30E}.Release|Any CPU.ActiveCfg = Release|Any CPU
		{6A88A17D-D891-40DB-8B7D-311538DCF30E}.Release|Any CPU.Build.0 = Release|Any CPU
	EndGlobalSection
	GlobalSection(SolutionProperties) = preSolution
		HideSolutionNode = FALSE
	EndGlobalSection
	GlobalSection(ExtensibilityGlobals) = postSolution
		SolutionGuid = {5502654D-10F8-4835-9BB8-218CEB18AFDD}
	EndGlobalSection
EndGlobal
